
Microsoft Visual Studio Solution File, Format Version 12.00
# Visual Studio 15
VisualStudioVersion = 15.0.26430.13
MinimumVisualStudioVersion = 10.0.40219.1
Project("{FAE04EC0-301F-11D3-BF4B-00C04F79EFBC}") = "UGYM.Android", "UGYM\UGYM.Android\UGYM.Android.csproj", "{A375F231-3DC1-462D-AAF4-B197D422F62E}"
EndProject
Project("{FAE04EC0-301F-11D3-BF4B-00C04F79EFBC}") = "UGYM", "UGYM\UGYM\UGYM.csproj", "{59FBE0CD-CCB4-4152-9F5F-398067980DCA}"
EndProject
Project("{FAE04EC0-301F-11D3-BF4B-00C04F79EFBC}") = "UGYM.iOS", "UGYM\UGYM.iOS\UGYM.iOS.csproj", "{82EE8610-1E57-4B24-9A18-4725549CC740}"
EndProject
Global
	GlobalSection(SolutionConfigurationPlatforms) = preSolution
		Ad-Hoc|Any CPU = Ad-Hoc|Any CPU
		Ad-Hoc|iPhone = Ad-Hoc|iPhone
		Ad-Hoc|iPhoneSimulator = Ad-Hoc|iPhoneSimulator
		AppStore|Any CPU = AppStore|Any CPU
		AppStore|iPhone = AppStore|iPhone
		AppStore|iPhoneSimulator = AppStore|iPhoneSimulator
		Debug|Any CPU = Debug|Any CPU
		Debug|iPhone = Debug|iPhone
		Debug|iPhoneSimulator = Debug|iPhoneSimulator
		Release|Any CPU = Release|Any CPU
		Release|iPhone = Release|iPhone
		Release|iPhoneSimulator = Release|iPhoneSimulator
	EndGlobalSection
	GlobalSection(ProjectConfigurationPlatforms) = postSolution
		{A375F231-3DC1-462D-AAF4-B197D422F62E}.Ad-Hoc|Any CPU.ActiveCfg = Release|Any CPU
		{A375F231-3DC1-462D-AAF4-B197D422F62E}.Ad-Hoc|Any CPU.Build.0 = Release|Any CPU
		{A375F231-3DC1-462D-AAF4-B197D422F62E}.Ad-Hoc|Any CPU.Deploy.0 = Release|Any CPU
		{A375F231-3DC1-462D-AAF4-B197D422F62E}.Ad-Hoc|iPhone.ActiveCfg = Release|Any CPU
		{A375F231-3DC1-462D-AAF4-B197D422F62E}.Ad-Hoc|iPhone.Build.0 = Release|Any CPU
		{A375F231-3DC1-462D-AAF4-B197D422F62E}.Ad-Hoc|iPhone.Deploy.0 = Release|Any CPU
		{A375F231-3DC1-462D-AAF4-B197D422F62E}.Ad-Hoc|iPhoneSimulator.ActiveCfg = Release|Any CPU
		{A375F231-3DC1-462D-AAF4-B197D422F62E}.Ad-Hoc|iPhoneSimulator.Build.0 = Release|Any CPU
		{A375F231-3DC1-462D-AAF4-B197D422F62E}.Ad-Hoc|iPhoneSimulator.Deploy.0 = Release|Any CPU
		{A375F231-3DC1-462D-AAF4-B197D422F62E}.AppStore|Any CPU.ActiveCfg = Release|Any CPU
		{A375F231-3DC1-462D-AAF4-B197D422F62E}.AppStore|Any CPU.Build.0 = Release|Any CPU
		{A375F231-3DC1-462D-AAF4-B197D422F62E}.AppStore|Any CPU.Deploy.0 = Release|Any CPU
		{A375F231-3DC1-462D-AAF4-B197D422F62E}.AppStore|iPhone.ActiveCfg = Release|Any CPU
		{A375F231-3DC1-462D-AAF4-B197D422F62E}.AppStore|iPhone.Build.0 = Release|Any CPU
		{A375F231-3DC1-462D-AAF4-B197D422F62E}.AppStore|iPhone.Deploy.0 = Release|Any CPU
		{A375F231-3DC1-462D-AAF4-B197D422F62E}.AppStore|iPhoneSimulator.ActiveCfg = Release|Any CPU
		{A375F231-3DC1-462D-AAF4-B197D422F62E}.AppStore|iPhoneSimulator.Build.0 = Release|Any CPU
		{A375F231-3DC1-462D-AAF4-B197D422F62E}.AppStore|iPhoneSimulator.Deploy.0 = Release|Any CPU
		{A375F231-3DC1-462D-AAF4-B197D422F62E}.Debug|Any CPU.ActiveCfg = Debug|Any CPU
		{A375F231-3DC1-462D-AAF4-B197D422F62E}.Debug|Any CPU.Build.0 = Debug|Any CPU
		{A375F231-3DC1-462D-AAF4-B197D422F62E}.Debug|Any CPU.Deploy.0 = Debug|Any CPU
		{A375F231-3DC1-462D-AAF4-B197D422F62E}.Debug|iPhone.ActiveCfg = Debug|Any CPU
		{A375F231-3DC1-462D-AAF4-B197D422F62E}.Debug|iPhone.Build.0 = Debug|Any CPU
		{A375F231-3DC1-462D-AAF4-B197D422F62E}.Debug|iPhone.Deploy.0 = Debug|Any CPU
		{A375F231-3DC1-462D-AAF4-B197D422F62E}.Debug|iPhoneSimulator.ActiveCfg = Debug|Any CPU
		{A375F231-3DC1-462D-AAF4-B197D422F62E}.Debug|iPhoneSimulator.Build.0 = Debug|Any CPU
		{A375F231-3DC1-462D-AAF4-B197D422F62E}.Debug|iPhoneSimulator.Deploy.0 = Debug|Any CPU
		{A375F231-3DC1-462D-AAF4-B197D422F62E}.Release|Any CPU.ActiveCfg = Release|Any CPU
		{A375F231-3DC1-462D-AAF4-B197D422F62E}.Release|Any CPU.Build.0 = Release|Any CPU
		{A375F231-3DC1-462D-AAF4-B197D422F62E}.Release|Any CPU.Deploy.0 = Release|Any CPU
		{A375F231-3DC1-462D-AAF4-B197D422F62E}.Release|iPhone.ActiveCfg = Release|Any CPU
		{A375F231-3DC1-462D-AAF4-B197D422F62E}.Release|iPhone.Build.0 = Release|Any CPU
		{A375F231-3DC1-462D-AAF4-B197D422F62E}.Release|iPhone.Deploy.0 = Release|Any CPU
		{A375F231-3DC1-462D-AAF4-B197D422F62E}.Release|iPhoneSimulator.ActiveCfg = Release|Any CPU
		{A375F231-3DC1-462D-AAF4-B197D422F62E}.Release|iPhoneSimulator.Build.0 = Release|Any CPU
		{A375F231-3DC1-462D-AAF4-B197D422F62E}.Release|iPhoneSimulator.Deploy.0 = Release|Any CPU
		{59FBE0CD-CCB4-4152-9F5F-398067980DCA}.Ad-Hoc|Any CPU.ActiveCfg = Release|Any CPU
		{59FBE0CD-CCB4-4152-9F5F-398067980DCA}.Ad-Hoc|Any CPU.Build.0 = Release|Any CPU
		{59FBE0CD-CCB4-4152-9F5F-398067980DCA}.Ad-Hoc|iPhone.ActiveCfg = Release|Any CPU
		{59FBE0CD-CCB4-4152-9F5F-398067980DCA}.Ad-Hoc|iPhone.Build.0 = Release|Any CPU
		{59FBE0CD-CCB4-4152-9F5F-398067980DCA}.Ad-Hoc|iPhoneSimulator.ActiveCfg = Release|Any CPU
		{59FBE0CD-CCB4-4152-9F5F-398067980DCA}.Ad-Hoc|iPhoneSimulator.Build.0 = Release|Any CPU
		{59FBE0CD-CCB4-4152-9F5F-398067980DCA}.AppStore|Any CPU.ActiveCfg = Release|Any CPU
		{59FBE0CD-CCB4-4152-9F5F-398067980DCA}.AppStore|Any CPU.Build.0 = Release|Any CPU
		{59FBE0CD-CCB4-4152-9F5F-398067980DCA}.AppStore|iPhone.ActiveCfg = Release|Any CPU
		{59FBE0CD-CCB4-4152-9F5F-398067980DCA}.AppStore|iPhone.Build.0 = Release|Any CPU
		{59FBE0CD-CCB4-4152-9F5F-398067980DCA}.AppStore|iPhoneSimulator.ActiveCfg = Release|Any CPU
		{59FBE0CD-CCB4-4152-9F5F-398067980DCA}.AppStore|iPhoneSimulator.Build.0 = Release|Any CPU
		{59FBE0CD-CCB4-4152-9F5F-398067980DCA}.Debug|Any CPU.ActiveCfg = Debug|Any CPU
		{59FBE0CD-CCB4-4152-9F5F-398067980DCA}.Debug|Any CPU.Build.0 = Debug|Any CPU
		{59FBE0CD-CCB4-4152-9F5F-398067980DCA}.Debug|iPhone.ActiveCfg = Debug|Any CPU
		{59FBE0CD-CCB4-4152-9F5F-398067980DCA}.Debug|iPhone.Build.0 = Debug|Any CPU
		{59FBE0CD-CCB4-4152-9F5F-398067980DCA}.Debug|iPhoneSimulator.ActiveCfg = Debug|Any CPU
		{59FBE0CD-CCB4-4152-9F5F-398067980DCA}.Debug|iPhoneSimulator.Build.0 = Debug|Any CPU
		{59FBE0CD-CCB4-4152-9F5F-398067980DCA}.Release|Any CPU.ActiveCfg = Release|Any CPU
		{59FBE0CD-CCB4-4152-9F5F-398067980DCA}.Release|Any CPU.Build.0 = Release|Any CPU
		{59FBE0CD-CCB4-4152-9F5F-398067980DCA}.Release|iPhone.ActiveCfg = Release|Any CPU
		{59FBE0CD-CCB4-4152-9F5F-398067980DCA}.Release|iPhone.Build.0 = Release|Any CPU
		{59FBE0CD-CCB4-4152-9F5F-398067980DCA}.Release|iPhoneSimulator.ActiveCfg = Release|Any CPU
		{59FBE0CD-CCB4-4152-9F5F-398067980DCA}.Release|iPhoneSimulator.Build.0 = Release|Any CPU
		{82EE8610-1E57-4B24-9A18-4725549CC740}.Ad-Hoc|Any CPU.ActiveCfg = Ad-Hoc|iPhone
		{82EE8610-1E57-4B24-9A18-4725549CC740}.Ad-Hoc|iPhone.ActiveCfg = Ad-Hoc|iPhone
		{82EE8610-1E57-4B24-9A18-4725549CC740}.Ad-Hoc|iPhone.Build.0 = Ad-Hoc|iPhone
		{82EE8610-1E57-4B24-9A18-4725549CC740}.Ad-Hoc|iPhoneSimulator.ActiveCfg = Ad-Hoc|iPhoneSimulator
		{82EE8610-1E57-4B24-9A18-4725549CC740}.Ad-Hoc|iPhoneSimulator.Build.0 = Ad-Hoc|iPhoneSimulator
		{82EE8610-1E57-4B24-9A18-4725549CC740}.AppStore|Any CPU.ActiveCfg = AppStore|iPhone
		{82EE8610-1E57-4B24-9A18-4725549CC740}.AppStore|iPhone.ActiveCfg = AppStore|iPhone
		{82EE8610-1E57-4B24-9A18-4725549CC740}.AppStore|iPhone.Build.0 = AppStore|iPhone
		{82EE8610-1E57-4B24-9A18-4725549CC740}.AppStore|iPhoneSimulator.ActiveCfg = AppStore|iPhoneSimulator
		{82EE8610-1E57-4B24-9A18-4725549CC740}.AppStore|iPhoneSimulator.Build.0 = AppStore|iPhoneSimulator
		{82EE8610-1E57-4B24-9A18-4725549CC740}.Debug|Any CPU.ActiveCfg = Debug|iPhone
		{82EE8610-1E57-4B24-9A18-4725549CC740}.Debug|iPhone.ActiveCfg = Debug|iPhone
		{82EE8610-1E57-4B24-9A18-4725549CC740}.Debug|iPhone.Build.0 = Debug|iPhone
		{82EE8610-1E57-4B24-9A18-4725549CC740}.Debug|iPhoneSimulator.ActiveCfg = Debug|iPhoneSimulator
		{82EE8610-1E57-4B24-9A18-4725549CC740}.Debug|iPhoneSimulator.Build.0 = Debug|iPhoneSimulator
		{82EE8610-1E57-4B24-9A18-4725549CC740}.Release|Any CPU.ActiveCfg = Release|iPhone
		{82EE8610-1E57-4B24-9A18-4725549CC740}.Release|iPhone.ActiveCfg = Release|iPhone
		{82EE8610-1E57-4B24-9A18-4725549CC740}.Release|iPhone.Build.0 = Release|iPhone
		{82EE8610-1E57-4B24-9A18-4725549CC740}.Release|iPhoneSimulator.ActiveCfg = Release|iPhoneSimulator
		{82EE8610-1E57-4B24-9A18-4725549CC740}.Release|iPhoneSimulator.Build.0 = Release|iPhoneSimulator
	EndGlobalSection
	GlobalSection(SolutionProperties) = preSolution
		HideSolutionNode = FALSE
	EndGlobalSection
EndGlobal
